
Microsoft Visual Studio Solution File, Format Version 12.00
# Visual Studio Version 17
VisualStudioVersion = 17.11.35222.181
MinimumVisualStudioVersion = 10.0.40219.1
Project("{9A19103F-16F7-4668-BE54-9A1E7A4F7556}") = "Myshop.DataAccess", "Myshop.DataAccess\Myshop.DataAccess.csproj", "{8606B0C3-9538-4E1E-8BEB-ECC694D228AB}"
EndProject
Project("{9A19103F-16F7-4668-BE54-9A1E7A4F7556}") = "Myshop.Entities", "Myshop.Entities\Myshop.Entities.csproj", "{FD89FD2F-306D-4B6A-9CBB-42E0EEBD403C}"
EndProject
Project("{9A19103F-16F7-4668-BE54-9A1E7A4F7556}") = "Myshop.web", "Myshop.web\Myshop.web.csproj", "{81BEA688-5282-4A25-A1A3-C67A8AB54969}"
EndProject
Global
	GlobalSection(SolutionConfigurationPlatforms) = preSolution
		Debug|Any CPU = Debug|Any CPU
		Release|Any CPU = Release|Any CPU
	EndGlobalSection
	GlobalSection(ProjectConfigurationPlatforms) = postSolution
		{8606B0C3-9538-4E1E-8BEB-ECC694D228AB}.Debug|Any CPU.ActiveCfg = Release|Any CPU
		{8606B0C3-9538-4E1E-8BEB-ECC694D228AB}.Debug|Any CPU.Build.0 = Release|Any CPU
		{8606B0C3-9538-4E1E-8BEB-ECC694D228AB}.Release|Any CPU.ActiveCfg = Release|Any CPU
		{8606B0C3-9538-4E1E-8BEB-ECC694D228AB}.Release|Any CPU.Build.0 = Release|Any CPU
		{FD89FD2F-306D-4B6A-9CBB-42E0EEBD403C}.Debug|Any CPU.ActiveCfg = Debug|Any CPU
		{FD89FD2F-306D-4B6A-9CBB-42E0EEBD403C}.Debug|Any CPU.Build.0 = Debug|Any CPU
		{FD89FD2F-306D-4B6A-9CBB-42E0EEBD403C}.Release|Any CPU.ActiveCfg = Release|Any CPU
		{FD89FD2F-306D-4B6A-9CBB-42E0EEBD403C}.Release|Any CPU.Build.0 = Release|Any CPU
		{81BEA688-5282-4A25-A1A3-C67A8AB54969}.Debug|Any CPU.ActiveCfg = Debug|Any CPU
		{81BEA688-5282-4A25-A1A3-C67A8AB54969}.Debug|Any CPU.Build.0 = Debug|Any CPU
		{81BEA688-5282-4A25-A1A3-C67A8AB54969}.Release|Any CPU.ActiveCfg = Release|Any CPU
		{81BEA688-5282-4A25-A1A3-C67A8AB54969}.Release|Any CPU.Build.0 = Release|Any CPU
	EndGlobalSection
	GlobalSection(SolutionProperties) = preSolution
		HideSolutionNode = FALSE
	EndGlobalSection
	GlobalSection(ExtensibilityGlobals) = postSolution
		SolutionGuid = {CD29710B-082F-4220-A251-F2E7ABC20D25}
	EndGlobalSection
EndGlobal
